{
  "object": {
    "pins": [
      {
        "package": "FitFileParser",
        "repositoryURL": "https://github.com/roznet/FitFileParser",
        "state": {
          "branch": null,
          "revision": "d693f598db2000359e7cb56bc4219a3806b39dec",
          "version": "1.4.1"
        }
      },
      {
        "package": "SwiftyXMLParser",
        "repositoryURL": "https://github.com/yahoojapan/SwiftyXMLParser",
        "state": {
          "branch": null,
          "revision": "ec7f183642adf429babd867d1a38c5c6912408ba",
          "version": "5.3.0"
        }
      }
    ]
  },
  "version": 1
}
